<?xml version="1.0" encoding="utf-8"?>
<Project ToolsVersion="4.0" xmlns="http://schemas.microsoft.com/developer/msbuild/2003">
  <ItemGroup>
    <Filter Include="Source Files">
      <UniqueIdentifier>{4FC737F1-C7A5-4376-A066-2A32D752A2FF}</UniqueIdentifier>
      <Extensions>cpp;c;cc;cxx;c++;cppm;ixx;def;odl;idl;hpj;bat;asm;asmx</Extensions>
    </Filter>
    <Filter Include="Header Files">
      <UniqueIdentifier>{93995380-89BD-4b04-88EB-625FBE52EBFB}</UniqueIdentifier>
      <Extensions>h;hh;hpp;hxx;h++;hm;inl;inc;ipp;xsd</Extensions>
    </Filter>
    <Filter Include="Resource Files">
      <UniqueIdentifier>{67DA6AB6-F800-4c08-8B7A-83BB121AAD01}</UniqueIdentifier>
      <Extensions>rc;ico;cur;bmp;dlg;rc2;rct;bin;rgs;gif;jpg;jpeg;jpe;resx;tiff;tif;png;wav;mfcribbon-ms</Extensions>
    </Filter>
    <Filter Include="01_GameManager">
      <UniqueIdentifier>{bba11291-ae93-49d4-8687-7d194fa6da35}</UniqueIdentifier>
    </Filter>
    <Filter Include="01_GameManager\Device">
      <UniqueIdentifier>{b21fe9a1-2a7e-4637-bce2-3e7582d8a5a7}</UniqueIdentifier>
    </Filter>
    <Filter Include="02_Asset">
      <UniqueIdentifier>{98d13fea-ff00-4dbc-955d-86d6c1447d88}</UniqueIdentifier>
    </Filter>
    <Filter Include="02_Asset\Mesh">
      <UniqueIdentifier>{70a5b022-ba63-4d7a-a40f-eaa14326bec0}</UniqueIdentifier>
    </Filter>
    <Filter Include="03_Shader">
      <UniqueIdentifier>{b46e873d-ea3f-4f98-aeb9-149a794b2c62}</UniqueIdentifier>
    </Filter>
    <Filter Include="03_Shader\HLSL">
      <UniqueIdentifier>{8f97e467-81aa-4035-844c-7977e1a4caec}</UniqueIdentifier>
    </Filter>
    <Filter Include="03_Shader\Shader">
      <UniqueIdentifier>{1c5d77a9-06aa-43ba-8eab-eef15365d353}</UniqueIdentifier>
    </Filter>
    <Filter Include="03_Shader\Shader\ColorMesh">
      <UniqueIdentifier>{9ac1737e-3f6e-4ee4-8fb4-d4db6d025bda}</UniqueIdentifier>
    </Filter>
    <Filter Include="03_Shader\ConstantBuffer">
      <UniqueIdentifier>{997cbfef-dd6b-4115-83bb-436483c35d89}</UniqueIdentifier>
    </Filter>
  </ItemGroup>
  <ItemGroup>
    <ClCompile Include="main.cpp">
      <Filter>Source Files</Filter>
    </ClCompile>
    <ClCompile Include="GameManager.cpp">
      <Filter>01_GameManager</Filter>
    </ClCompile>
    <ClCompile Include="Share\TimeManager.cpp">
      <Filter>01_GameManager</Filter>
    </ClCompile>
    <ClCompile Include="DeviceManager.cpp">
      <Filter>01_GameManager\Device</Filter>
    </ClCompile>
    <ClCompile Include="Asset\AssetManager.cpp">
      <Filter>02_Asset</Filter>
    </ClCompile>
    <ClCompile Include="Asset\Asset.cpp">
      <Filter>02_Asset</Filter>
    </ClCompile>
    <ClCompile Include="Asset\Mesh\Mesh.cpp">
      <Filter>02_Asset\Mesh</Filter>
    </ClCompile>
    <ClCompile Include="Asset\Mesh\StaticMesh.cpp">
      <Filter>02_Asset\Mesh</Filter>
    </ClCompile>
    <ClCompile Include="Asset\Mesh\MeshManager.cpp">
      <Filter>02_Asset\Mesh</Filter>
    </ClCompile>
    <ClCompile Include="Shader\ShaderManager.cpp">
      <Filter>03_Shader</Filter>
    </ClCompile>
    <ClCompile Include="Shader\Shader.cpp">
      <Filter>03_Shader</Filter>
    </ClCompile>
    <ClCompile Include="Shader\GraphicShader.cpp">
      <Filter>03_Shader\Shader</Filter>
    </ClCompile>
    <ClCompile Include="Shader\ComputeShader.cpp">
      <Filter>03_Shader\Shader</Filter>
    </ClCompile>
    <ClCompile Include="Shader\ColorMeshShader.cpp">
      <Filter>03_Shader\Shader\ColorMesh</Filter>
    </ClCompile>
    <ClCompile Include="Shader\ConstantBuffer.cpp">
      <Filter>03_Shader\ConstantBuffer</Filter>
    </ClCompile>
    <ClCompile Include="Shader\ConstantBufferData.cpp">
      <Filter>03_Shader\ConstantBuffer</Filter>
    </ClCompile>
    <ClCompile Include="Shader\TransformConstantBuffer.cpp">
      <Filter>03_Shader\ConstantBuffer</Filter>
    </ClCompile>
  </ItemGroup>
  <ItemGroup>
    <ClInclude Include="GameInfo.h">
      <Filter>Header Files</Filter>
    </ClInclude>
    <ClInclude Include="GameManager.h">
      <Filter>01_GameManager</Filter>
    </ClInclude>
    <ClInclude Include="resource.h">
      <Filter>Header Files</Filter>
    </ClInclude>
    <ClInclude Include="Share\TimeManager.h">
      <Filter>01_GameManager</Filter>
    </ClInclude>
    <ClInclude Include="DeviceManager.h">
      <Filter>01_GameManager\Device</Filter>
    </ClInclude>
    <ClInclude Include="Asset\AssetManager.h">
      <Filter>02_Asset</Filter>
    </ClInclude>
    <ClInclude Include="Asset\Asset.h">
      <Filter>02_Asset</Filter>
    </ClInclude>
    <ClInclude Include="Asset\Mesh\Mesh.h">
      <Filter>02_Asset\Mesh</Filter>
    </ClInclude>
    <ClInclude Include="Asset\Mesh\StaticMesh.h">
      <Filter>02_Asset\Mesh</Filter>
    </ClInclude>
    <ClInclude Include="Asset\Mesh\MeshManager.h">
      <Filter>02_Asset\Mesh</Filter>
    </ClInclude>
    <ClInclude Include="Shader\ShaderManager.h">
      <Filter>03_Shader</Filter>
    </ClInclude>
    <ClInclude Include="Shader\Shader.h">
      <Filter>03_Shader</Filter>
    </ClInclude>
    <ClInclude Include="Shader\GraphicShader.h">
      <Filter>03_Shader\Shader</Filter>
    </ClInclude>
    <ClInclude Include="Shader\ComputeShader.h">
      <Filter>03_Shader\Shader</Filter>
    </ClInclude>
    <ClInclude Include="Shader\ColorMeshShader.h">
      <Filter>03_Shader\Shader\ColorMesh</Filter>
    </ClInclude>
    <ClInclude Include="Matrix.h">
      <Filter>Header Files</Filter>
    </ClInclude>
    <ClInclude Include="Shader\ConstantBuffer.h">
      <Filter>03_Shader\ConstantBuffer</Filter>
    </ClInclude>
    <ClInclude Include="Shader\ConstantBufferData.h">
      <Filter>03_Shader\ConstantBuffer</Filter>
    </ClInclude>
    <ClInclude Include="Shader\TransformConstantBuffer.h">
      <Filter>03_Shader\ConstantBuffer</Filter>
    </ClInclude>
    <ClInclude Include="Shader\ConstantBufferInfo.h">
      <Filter>03_Shader\ConstantBuffer</Filter>
    </ClInclude>
  </ItemGroup>
  <ItemGroup>
    <ResourceCompile Include="dx11.rc">
      <Filter>Resource Files</Filter>
    </ResourceCompile>
  </ItemGroup>
  <ItemGroup>
    <Image Include="icon1.ico">
      <Filter>Resource Files</Filter>
    </Image>
  </ItemGroup>
  <ItemGroup>
    <None Include="..\Shader\Shared.hlsli">
      <Filter>03_Shader\HLSL</Filter>
    </None>
    <None Include="..\Shader\Mesh.hlsl">
      <Filter>03_Shader\HLSL</Filter>
    </None>
  </ItemGroup>
</Project>