<?xml version="1.0" encoding="utf-8"?>
<Project ToolsVersion="4.0" xmlns="http://schemas.microsoft.com/developer/msbuild/2003">
  <ItemGroup>
    <Filter Include="Source Files">
      <UniqueIdentifier>{4FC737F1-C7A5-4376-A066-2A32D752A2FF}</UniqueIdentifier>
      <Extensions>cpp;c;cc;cxx;c++;cppm;ixx;def;odl;idl;hpj;bat;asm;asmx</Extensions>
    </Filter>
    <Filter Include="Header Files">
      <UniqueIdentifier>{93995380-89BD-4b04-88EB-625FBE52EBFB}</UniqueIdentifier>
      <Extensions>h;hh;hpp;hxx;h++;hm;inl;inc;ipp;xsd</Extensions>
    </Filter>
    <Filter Include="Resource Files">
      <UniqueIdentifier>{67DA6AB6-F800-4c08-8B7A-83BB121AAD01}</UniqueIdentifier>
      <Extensions>rc;ico;cur;bmp;dlg;rc2;rct;bin;rgs;gif;jpg;jpeg;jpe;resx;tiff;tif;png;wav;mfcribbon-ms</Extensions>
    </Filter>
    <Filter Include="01_GameManager">
      <UniqueIdentifier>{bba11291-ae93-49d4-8687-7d194fa6da35}</UniqueIdentifier>
    </Filter>
    <Filter Include="01_GameManager\Device">
      <UniqueIdentifier>{b21fe9a1-2a7e-4637-bce2-3e7582d8a5a7}</UniqueIdentifier>
    </Filter>
    <Filter Include="02_Asset">
      <UniqueIdentifier>{98d13fea-ff00-4dbc-955d-86d6c1447d88}</UniqueIdentifier>
    </Filter>
    <Filter Include="02_Asset\Mesh">
      <UniqueIdentifier>{70a5b022-ba63-4d7a-a40f-eaa14326bec0}</UniqueIdentifier>
    </Filter>
    <Filter Include="03_Shader">
      <UniqueIdentifier>{b46e873d-ea3f-4f98-aeb9-149a794b2c62}</UniqueIdentifier>
    </Filter>
    <Filter Include="03_Shader\HLSL">
      <UniqueIdentifier>{8f97e467-81aa-4035-844c-7977e1a4caec}</UniqueIdentifier>
    </Filter>
    <Filter Include="03_Shader\Shader">
      <UniqueIdentifier>{1c5d77a9-06aa-43ba-8eab-eef15365d353}</UniqueIdentifier>
    </Filter>
    <Filter Include="03_Shader\Shader\ColorMesh">
      <UniqueIdentifier>{9ac1737e-3f6e-4ee4-8fb4-d4db6d025bda}</UniqueIdentifier>
    </Filter>
    <Filter Include="03_Shader\ConstantBuffer">
      <UniqueIdentifier>{997cbfef-dd6b-4115-83bb-436483c35d89}</UniqueIdentifier>
    </Filter>
    <Filter Include="04_Scene">
      <UniqueIdentifier>{539c079c-6b16-4363-9401-8ba4a9b03350}</UniqueIdentifier>
    </Filter>
    <Filter Include="05_Object">
      <UniqueIdentifier>{bcf6cd18-8469-413c-8561-5a2383bc8a38}</UniqueIdentifier>
    </Filter>
    <Filter Include="06_Component">
      <UniqueIdentifier>{d21b3719-8420-4dd2-9c49-8781fda3dc0e}</UniqueIdentifier>
    </Filter>
    <Filter Include="06_Component\SceneComponent">
      <UniqueIdentifier>{16a7bbd8-1968-4a47-99db-8af8c5e9fbc4}</UniqueIdentifier>
    </Filter>
    <Filter Include="00_Shared">
      <UniqueIdentifier>{3b919f56-8362-4e53-ac1a-78762edc428b}</UniqueIdentifier>
    </Filter>
    <Filter Include="04_Scene\Input">
      <UniqueIdentifier>{d4e3e990-cfcf-4054-a9d5-b0b5a62fac98}</UniqueIdentifier>
    </Filter>
    <Filter Include="06_Component\NonSceneComponent">
      <UniqueIdentifier>{0e295955-326d-4b68-bf03-dc265debd96d}</UniqueIdentifier>
    </Filter>
    <Filter Include="04_Scene\Camera">
      <UniqueIdentifier>{16425ecc-f180-46c9-ac93-294b4b1e4c50}</UniqueIdentifier>
    </Filter>
  </ItemGroup>
  <ItemGroup>
    <ClCompile Include="main.cpp">
      <Filter>Source Files</Filter>
    </ClCompile>
    <ClCompile Include="GameManager.cpp">
      <Filter>01_GameManager</Filter>
    </ClCompile>
    <ClCompile Include="Share\TimeManager.cpp">
      <Filter>01_GameManager</Filter>
    </ClCompile>
    <ClCompile Include="DeviceManager.cpp">
      <Filter>01_GameManager\Device</Filter>
    </ClCompile>
    <ClCompile Include="Asset\AssetManager.cpp">
      <Filter>02_Asset</Filter>
    </ClCompile>
    <ClCompile Include="Asset\Asset.cpp">
      <Filter>02_Asset</Filter>
    </ClCompile>
    <ClCompile Include="Asset\Mesh\Mesh.cpp">
      <Filter>02_Asset\Mesh</Filter>
    </ClCompile>
    <ClCompile Include="Asset\Mesh\StaticMesh.cpp">
      <Filter>02_Asset\Mesh</Filter>
    </ClCompile>
    <ClCompile Include="Asset\Mesh\MeshManager.cpp">
      <Filter>02_Asset\Mesh</Filter>
    </ClCompile>
    <ClCompile Include="Shader\ShaderManager.cpp">
      <Filter>03_Shader</Filter>
    </ClCompile>
    <ClCompile Include="Shader\Shader.cpp">
      <Filter>03_Shader</Filter>
    </ClCompile>
    <ClCompile Include="Shader\GraphicShader.cpp">
      <Filter>03_Shader\Shader</Filter>
    </ClCompile>
    <ClCompile Include="Shader\ComputeShader.cpp">
      <Filter>03_Shader\Shader</Filter>
    </ClCompile>
    <ClCompile Include="Shader\ColorMeshShader.cpp">
      <Filter>03_Shader\Shader\ColorMesh</Filter>
    </ClCompile>
    <ClCompile Include="Shader\ConstantBuffer.cpp">
      <Filter>03_Shader\ConstantBuffer</Filter>
    </ClCompile>
    <ClCompile Include="Shader\ConstantBufferData.cpp">
      <Filter>03_Shader\ConstantBuffer</Filter>
    </ClCompile>
    <ClCompile Include="Shader\TransformConstantBuffer.cpp">
      <Filter>03_Shader\ConstantBuffer</Filter>
    </ClCompile>
    <ClCompile Include="Scene\Scene.cpp">
      <Filter>04_Scene</Filter>
    </ClCompile>
    <ClCompile Include="Scene\SceneMain.cpp">
      <Filter>04_Scene</Filter>
    </ClCompile>
    <ClCompile Include="Object\Object.cpp">
      <Filter>05_Object</Filter>
    </ClCompile>
    <ClCompile Include="Component\Component.cpp">
      <Filter>06_Component</Filter>
    </ClCompile>
    <ClCompile Include="Component\SceneComponent.cpp">
      <Filter>06_Component\SceneComponent</Filter>
    </ClCompile>
    <ClCompile Include="Component\MeshComponent.cpp">
      <Filter>06_Component\SceneComponent</Filter>
    </ClCompile>
    <ClCompile Include="Component\StaticMeshComponent.cpp">
      <Filter>06_Component\SceneComponent</Filter>
    </ClCompile>
    <ClCompile Include="Scene\SceneManager.cpp">
      <Filter>04_Scene</Filter>
    </ClCompile>
    <ClCompile Include="ServiceLocator.cpp">
      <Filter>00_Shared</Filter>
    </ClCompile>
    <ClCompile Include="Object\PlayerObject.cpp">
      <Filter>05_Object</Filter>
    </ClCompile>
    <ClCompile Include="Shader\FrameConstantBuffer.cpp">
      <Filter>03_Shader\ConstantBuffer</Filter>
    </ClCompile>
    <ClCompile Include="Shader\ObjectConstantBuffer.cpp">
      <Filter>03_Shader\ConstantBuffer</Filter>
    </ClCompile>
    <ClCompile Include="Scene\DInputManager.cpp">
      <Filter>04_Scene\Input</Filter>
    </ClCompile>
    <ClCompile Include="InputManager.cpp">
      <Filter>01_GameManager</Filter>
    </ClCompile>
    <ClCompile Include="Scene\InputContext.cpp">
      <Filter>04_Scene\Input</Filter>
    </ClCompile>
    <ClCompile Include="Object\CollisionObject.cpp">
      <Filter>05_Object</Filter>
    </ClCompile>
    <ClCompile Include="Component\MovementComponent.cpp">
      <Filter>06_Component\NonSceneComponent</Filter>
    </ClCompile>
    <ClCompile Include="Component\CameraComponent.cpp">
      <Filter>06_Component\SceneComponent</Filter>
    </ClCompile>
    <ClCompile Include="Scene\CameraManager.cpp">
      <Filter>04_Scene\Camera</Filter>
    </ClCompile>
    <ClCompile Include="Scene\SceneTester.cpp">
      <Filter>Source Files</Filter>
    </ClCompile>
    <ClCompile Include="Object\CameraObject.cpp">
      <Filter>05_Object</Filter>
    </ClCompile>
  </ItemGroup>
  <ItemGroup>
    <ClInclude Include="GameManager.h">
      <Filter>01_GameManager</Filter>
    </ClInclude>
    <ClInclude Include="resource.h">
      <Filter>Header Files</Filter>
    </ClInclude>
    <ClInclude Include="Share\TimeManager.h">
      <Filter>01_GameManager</Filter>
    </ClInclude>
    <ClInclude Include="DeviceManager.h">
      <Filter>01_GameManager\Device</Filter>
    </ClInclude>
    <ClInclude Include="Asset\AssetManager.h">
      <Filter>02_Asset</Filter>
    </ClInclude>
    <ClInclude Include="Asset\Asset.h">
      <Filter>02_Asset</Filter>
    </ClInclude>
    <ClInclude Include="Asset\Mesh\Mesh.h">
      <Filter>02_Asset\Mesh</Filter>
    </ClInclude>
    <ClInclude Include="Asset\Mesh\StaticMesh.h">
      <Filter>02_Asset\Mesh</Filter>
    </ClInclude>
    <ClInclude Include="Asset\Mesh\MeshManager.h">
      <Filter>02_Asset\Mesh</Filter>
    </ClInclude>
    <ClInclude Include="Shader\ShaderManager.h">
      <Filter>03_Shader</Filter>
    </ClInclude>
    <ClInclude Include="Shader\Shader.h">
      <Filter>03_Shader</Filter>
    </ClInclude>
    <ClInclude Include="Shader\GraphicShader.h">
      <Filter>03_Shader\Shader</Filter>
    </ClInclude>
    <ClInclude Include="Shader\ComputeShader.h">
      <Filter>03_Shader\Shader</Filter>
    </ClInclude>
    <ClInclude Include="Shader\ColorMeshShader.h">
      <Filter>03_Shader\Shader\ColorMesh</Filter>
    </ClInclude>
    <ClInclude Include="Shader\ConstantBuffer.h">
      <Filter>03_Shader\ConstantBuffer</Filter>
    </ClInclude>
    <ClInclude Include="Shader\ConstantBufferData.h">
      <Filter>03_Shader\ConstantBuffer</Filter>
    </ClInclude>
    <ClInclude Include="Shader\TransformConstantBuffer.h">
      <Filter>03_Shader\ConstantBuffer</Filter>
    </ClInclude>
    <ClInclude Include="Shader\ConstantBufferInfo.h">
      <Filter>03_Shader\ConstantBuffer</Filter>
    </ClInclude>
    <ClInclude Include="Scene\Scene.h">
      <Filter>04_Scene</Filter>
    </ClInclude>
    <ClInclude Include="Scene\SceneMain.h">
      <Filter>04_Scene</Filter>
    </ClInclude>
    <ClInclude Include="Object\Object.h">
      <Filter>05_Object</Filter>
    </ClInclude>
    <ClInclude Include="Component\Component.h">
      <Filter>06_Component</Filter>
    </ClInclude>
    <ClInclude Include="Component\SceneComponent.h">
      <Filter>06_Component\SceneComponent</Filter>
    </ClInclude>
    <ClInclude Include="Component\MeshComponent.h">
      <Filter>06_Component\SceneComponent</Filter>
    </ClInclude>
    <ClInclude Include="Component\StaticMeshComponent.h">
      <Filter>06_Component\SceneComponent</Filter>
    </ClInclude>
    <ClInclude Include="Scene\SceneManager.h">
      <Filter>04_Scene</Filter>
    </ClInclude>
    <ClInclude Include="GameInfo.h">
      <Filter>00_Shared</Filter>
    </ClInclude>
    <ClInclude Include="ServiceInterface.h">
      <Filter>00_Shared</Filter>
    </ClInclude>
    <ClInclude Include="ServiceLocator.h">
      <Filter>00_Shared</Filter>
    </ClInclude>
    <ClInclude Include="Object\PlayerObject.h">
      <Filter>05_Object</Filter>
    </ClInclude>
    <ClInclude Include="Shader\FrameConstantBuffer.h">
      <Filter>03_Shader\ConstantBuffer</Filter>
    </ClInclude>
    <ClInclude Include="Shader\ObjectConstantBuffer.h">
      <Filter>03_Shader\ConstantBuffer</Filter>
    </ClInclude>
    <ClInclude Include="Scene\DInputManager.h">
      <Filter>04_Scene\Input</Filter>
    </ClInclude>
    <ClInclude Include="InputManager.h">
      <Filter>01_GameManager</Filter>
    </ClInclude>
    <ClInclude Include="Scene\InputContext.h">
      <Filter>04_Scene\Input</Filter>
    </ClInclude>
    <ClInclude Include="Object\CollisionObject.h">
      <Filter>05_Object</Filter>
    </ClInclude>
    <ClInclude Include="Component\MovementComponent.h">
      <Filter>06_Component\NonSceneComponent</Filter>
    </ClInclude>
    <ClInclude Include="Component\CameraComponent.h">
      <Filter>06_Component\SceneComponent</Filter>
    </ClInclude>
    <ClInclude Include="Scene\CameraManager.h">
      <Filter>04_Scene\Camera</Filter>
    </ClInclude>
    <ClInclude Include="Scene\SceneTester.h">
      <Filter>Header Files</Filter>
    </ClInclude>
    <ClInclude Include="Object\CameraObject.h">
      <Filter>05_Object</Filter>
    </ClInclude>
  </ItemGroup>
  <ItemGroup>
    <ResourceCompile Include="dx11.rc">
      <Filter>Resource Files</Filter>
    </ResourceCompile>
  </ItemGroup>
  <ItemGroup>
    <Image Include="icon1.ico">
      <Filter>Resource Files</Filter>
    </Image>
  </ItemGroup>
  <ItemGroup>
    <None Include="..\Shader\Shared.hlsli">
      <Filter>03_Shader\HLSL</Filter>
    </None>
    <None Include="..\Shader\Mesh.hlsl">
      <Filter>03_Shader\HLSL</Filter>
    </None>
  </ItemGroup>
</Project>